
Microsoft Visual Studio Solution File, Format Version 12.00
# Visual Studio Version 17
VisualStudioVersion = 17.13.35919.96
MinimumVisualStudioVersion = 10.0.40219.1
Project("{FAE04EC0-301F-11D3-BF4B-00C04F79EFBC}") = "ASP_HTML_CSS_Kontrolleri", "ASP_HTML_CSS_Kontrolleri\ASP_HTML_CSS_Kontrolleri.csproj", "{06A089C4-C019-46D0-B0EC-311BADB70C4A}"
EndProject
Project("{FAE04EC0-301F-11D3-BF4B-00C04F79EFBC}") = "DataAccessLayer", "DataAccessLayer\DataAccessLayer.csproj", "{309AD546-6F07-4558-BB58-B6C7BD1B5904}"
EndProject
Global
	GlobalSection(SolutionConfigurationPlatforms) = preSolution
		Debug|Any CPU = Debug|Any CPU
		Release|Any CPU = Release|Any CPU
	EndGlobalSection
	GlobalSection(ProjectConfigurationPlatforms) = postSolution
		{06A089C4-C019-46D0-B0EC-311BADB70C4A}.Debug|Any CPU.ActiveCfg = Debug|Any CPU
		{06A089C4-C019-46D0-B0EC-311BADB70C4A}.Debug|Any CPU.Build.0 = Debug|Any CPU
		{06A089C4-C019-46D0-B0EC-311BADB70C4A}.Release|Any CPU.ActiveCfg = Release|Any CPU
		{06A089C4-C019-46D0-B0EC-311BADB70C4A}.Release|Any CPU.Build.0 = Release|Any CPU
		{309AD546-6F07-4558-BB58-B6C7BD1B5904}.Debug|Any CPU.ActiveCfg = Debug|Any CPU
		{309AD546-6F07-4558-BB58-B6C7BD1B5904}.Debug|Any CPU.Build.0 = Debug|Any CPU
		{309AD546-6F07-4558-BB58-B6C7BD1B5904}.Release|Any CPU.ActiveCfg = Release|Any CPU
		{309AD546-6F07-4558-BB58-B6C7BD1B5904}.Release|Any CPU.Build.0 = Release|Any CPU
	EndGlobalSection
	GlobalSection(SolutionProperties) = preSolution
		HideSolutionNode = FALSE
	EndGlobalSection
	GlobalSection(ExtensibilityGlobals) = postSolution
		SolutionGuid = {1B26B913-0244-449B-A05C-2AF07A73AF5E}
	EndGlobalSection
EndGlobal
